// !$*UTF8*$!
{archiveVersion=1;classes={};objectVersion=77;objects={
A101={isa=PBXFileReference;lastKnownFileType=sourcecode.swift;path=App.swift;sourceTree="<group>";};A102={isa=PBXFileReference;lastKnownFileType=text.plist.xml;path=Info.plist;sourceTree="<group>";};A103={isa=PBXFileReference;lastKnownFileType=folder.assetcatalog;path=Assets.xcassets;sourceTree="<group>";};A104={isa=PBXFileReference;explicitFileType=wrapper.application;path=LumaForge.app;sourceTree=BUILT_PRODUCTS_DIR;};A105={isa=PBXFileReference;lastKnownFileType=sourcecode.swift;path=LumaForgeTests.swift;sourceTree="<group>";};A106={isa=PBXFileReference;explicitFileType=wrapper.cfbundle;path=LumaForgeTests.xctest;sourceTree=BUILT_PRODUCTS_DIR;};A108={isa=PBXFileReference;lastKnownFileType=sourcecode.swift;path=Models.swift;sourceTree="<group>";};A109={isa=PBXFileReference;lastKnownFileType=sourcecode.swift;path=Steam.swift;sourceTree="<group>";};A110={isa=PBXFileReference;lastKnownFileType=sourcecode.swift;path=Workshop.swift;sourceTree="<group>";};A111={isa=PBXFileReference;lastKnownFileType=sourcecode.swift;path=PackageInspector.swift;sourceTree="<group>";};A112={isa=PBXFileReference;lastKnownFileType=sourcecode.swift;path=Exports.swift;sourceTree="<group>";};A113={isa=PBXFileReference;lastKnownFileType=sourcecode.swift;path=DownloadManager.swift;sourceTree="<group>";};
B301={isa=PBXFileReference;lastKnownFileType=wrapper.framework;name=AVFoundation.framework;path=System/Library/Frameworks/AVFoundation.framework;sourceTree=SDKROOT;};B302={isa=PBXFileReference;lastKnownFileType=wrapper.framework;name=AuthenticationServices.framework;path=System/Library/Frameworks/AuthenticationServices.framework;sourceTree=SDKROOT;};B303={isa=PBXFileReference;lastKnownFileType=wrapper.framework;name=Security.framework;path=System/Library/Frameworks/Security.framework;sourceTree=SDKROOT;};B304={isa=PBXFileReference;lastKnownFileType=wrapper.framework;name=UIKit.framework;path=System/Library/Frameworks/UIKit.framework;sourceTree=SDKROOT;};
C101={isa=PBXGroup;children=(C201,C202,C203);sourceTree="<group>";};C201={isa=PBXGroup;children=(A101,A108,A109,A110,A111,A112,A113,A102,A103);path=LumaForge;sourceTree="<group>";};C202={isa=PBXGroup;children=(A105);path=LumaForgeTests;sourceTree="<group>";};C203={isa=PBXGroup;children=();name=Products;sourceTree="<group>";};
D101={isa=PBXNativeTarget;buildConfigurationList=D201;buildPhases=(G101,B101,F101);buildRules=();dependencies=();name=LumaForge;productName=LumaForge;productReference=A104;productType="com.apple.product-type.application";};D102={isa=PBXNativeTarget;buildConfigurationList=D202;buildPhases=(T101,B102,F102);buildRules=();dependencies=();name=LumaForgeTests;productName=LumaForgeTests;productReference=A106;productType="com.apple.product-type.bundle.unit-test";};
E101={isa=PBXProject;attributes={LastUpgradeCheck=2600;TargetAttributes={D101={CreatedOnToolsVersion=26.0;};D102={CreatedOnToolsVersion=26.0;TestTargetID=D101;};};};buildConfigurationList=E201;compatibilityVersion="Xcode 3.2";developmentRegion=en;knownRegions=(en);mainGroup=C101;productRefGroup=C203;targets=(D101,D102);};
G101={isa=PBXSourcesBuildPhase;buildActionMask=2147483647;files=(G201,G202,G203,G204,G205,G206,G207);runOnlyForDeploymentPostprocessing=0;};G201={isa=PBXBuildFile;fileRef=A101;};G202={isa=PBXBuildFile;fileRef=A108;};G203={isa=PBXBuildFile;fileRef=A109;};G204={isa=PBXBuildFile;fileRef=A110;};G205={isa=PBXBuildFile;fileRef=A111;};G206={isa=PBXBuildFile;fileRef=A112;};G207={isa=PBXBuildFile;fileRef=A113;};
T101={isa=PBXSourcesBuildPhase;buildActionMask=2147483647;files=(T201);runOnlyForDeploymentPostprocessing=0;};T201={isa=PBXBuildFile;fileRef=A105;};
B101={isa=PBXFrameworksBuildPhase;buildActionMask=2147483647;files=(B201,B202,B203,B204);runOnlyForDeploymentPostprocessing=0;};B102={isa=PBXFrameworksBuildPhase;buildActionMask=2147483647;files=();runOnlyForDeploymentPostprocessing=0;};B201={isa=PBXBuildFile;fileRef=B301;};B202={isa=PBXBuildFile;fileRef=B302;};B203={isa=PBXBuildFile;fileRef=B303;};B204={isa=PBXBuildFile;fileRef=B304;};
F101={isa=PBXResourcesBuildPhase;buildActionMask=2147483647;files=(F202);runOnlyForDeploymentPostprocessing=0;};F202={isa=PBXBuildFile;fileRef=A103;};F102={isa=PBXResourcesBuildPhase;buildActionMask=2147483647;files=();runOnlyForDeploymentPostprocessing=0;};
H101={isa=XCBuildConfiguration;buildSettings={ASSETCATALOG_COMPILER_APPICON_NAME=AppIcon;CODE_SIGNING_ALLOWED=NO;CODE_SIGNING_REQUIRED=NO;CURRENT_PROJECT_VERSION=1;GENERATE_INFOPLIST_FILE=NO;INFOPLIST_FILE=LumaForge/Info.plist;IPHONEOS_DEPLOYMENT_TARGET=18.0;PRODUCT_BUNDLE_IDENTIFIER=com.itzprovenom.lumaforge;PRODUCT_NAME=LumaForge;SWIFT_VERSION=6.0;TARGETED_DEVICE_FAMILY="1,2";};name=Debug;};H102={isa=XCBuildConfiguration;buildSettings={ASSETCATALOG_COMPILER_APPICON_NAME=AppIcon;CODE_SIGNING_ALLOWED=NO;CODE_SIGNING_REQUIRED=NO;CURRENT_PROJECT_VERSION=1;GENERATE_INFOPLIST_FILE=NO;INFOPLIST_FILE=LumaForge/Info.plist;IPHONEOS_DEPLOYMENT_TARGET=18.0;PRODUCT_BUNDLE_IDENTIFIER=com.itzprovenom.lumaforge;PRODUCT_NAME=LumaForge;SWIFT_OPTIMIZATION_LEVEL="-O";SWIFT_VERSION=6.0;TARGETED_DEVICE_FAMILY="1,2";};name=Release;};H103={isa=XCBuildConfiguration;buildSettings={BUNDLE_LOADER="$(TEST_HOST)";CODE_SIGNING_ALLOWED=NO;CODE_SIGNING_REQUIRED=NO;GENERATE_INFOPLIST_FILE=YES;IPHONEOS_DEPLOYMENT_TARGET=18.0;PRODUCT_BUNDLE_IDENTIFIER=com.itzprovenom.lumaforge.tests;PRODUCT_NAME="$(TARGET_NAME)";SWIFT_VERSION=6.0;TEST_HOST="$(BUILT_PRODUCTS_DIR)/LumaForge.app/LumaForge";};name=Debug;};H104={isa=XCBuildConfiguration;buildSettings={BUNDLE_LOADER="$(TEST_HOST)";CODE_SIGNING_ALLOWED=NO;CODE_SIGNING_REQUIRED=NO;GENERATE_INFOPLIST_FILE=YES;IPHONEOS_DEPLOYMENT_TARGET=18.0;PRODUCT_BUNDLE_IDENTIFIER=com.itzprovenom.lumaforge.tests;PRODUCT_NAME="$(TARGET_NAME)";SWIFT_VERSION=6.0;TEST_HOST="$(BUILT_PRODUCTS_DIR)/LumaForge.app/LumaForge";};name=Release;};D201={isa=XCConfigurationList;buildConfigurations=(H101,H102);defaultConfigurationIsVisible=0;defaultConfigurationName=Release;};D202={isa=XCConfigurationList;buildConfigurations=(H103,H104);defaultConfigurationIsVisible=0;defaultConfigurationName=Release;};E201={isa=XCConfigurationList;buildConfigurations=(H101,H102);defaultConfigurationIsVisible=0;defaultConfigurationName=Release;};
};rootObject=E101;}