// !$*UTF8*$!
{
 archiveVersion = 1;
 classes = {};
 objectVersion = 77;
 objects = {

/* Begin PBXBuildFile section */
 A001 = {isa = PBXBuildFile; fileRef = A101; };
 A002 = {isa = PBXBuildFile; fileRef = A102; };
 A003 = {isa = PBXBuildFile; fileRef = A103; };
 A004 = {isa = PBXBuildFile; fileRef = A104; };
 A005 = {isa = PBXBuildFile; fileRef = A105; };
 A006 = {isa = PBXBuildFile; fileRef = A106; };
 A007 = {isa = PBXBuildFile; fileRef = A107; };
/* End PBXBuildFile section */

/* PBXFileReference section */
 A101 = {isa = PBXFileReference; lastKnownFileType = sourcecode.swift; path = App.swift; sourceTree = "<group>"; };
 A102 = {isa = PBXFileReference; lastKnownFileType = text.plist.xml; path = Info.plist; sourceTree = "<group>"; };
 A103 = {isa = PBXFileReference; lastKnownFileType = folder.assetcatalog; path = Assets.xcassets; sourceTree = "<group>"; };
 A104 = {isa = PBXFileReference; explicitFileType = wrapper.application; includeInIndex = 0; path = LumaForge.app; sourceTree = BUILT_PRODUCTS_DIR; };
 A105 = {isa = PBXFileReference; lastKnownFileType = sourcecode.swift; path = LumaForgeTests.swift; sourceTree = "<group>"; };
 A106 = {isa = PBXFileReference; explicitFileType = wrapper.cfbundle; includeInIndex = 0; path = LumaForgeTests.xctest; sourceTree = BUILT_PRODUCTS_DIR; };
 A107 = {isa = PBXFileReference; lastKnownFileType = text.plist.xml; path = README.md; sourceTree = "<group>"; };
/* End PBXFileReference section */

/* PBXFrameworksBuildPhase section */
 B101 = {isa = PBXFrameworksBuildPhase; buildActionMask = 2147483647; files = (
 B201, B202, B203, B204,
 ); runOnlyForDeploymentPostprocessing = 0; };
 B102 = {isa = PBXFrameworksBuildPhase; buildActionMask = 2147483647; files = (); runOnlyForDeploymentPostprocessing = 0; };
 B201 = {isa = PBXBuildFile; fileRef = B301; };
 B202 = {isa = PBXBuildFile; fileRef = B302; };
 B203 = {isa = PBXBuildFile; fileRef = B303; };
 B204 = {isa = PBXBuildFile; fileRef = B304; };
 B301 = {isa = PBXFileReference; lastKnownFileType = wrapper.framework; name = AVFoundation.framework; path = System/Library/Frameworks/AVFoundation.framework; sourceTree = SDKROOT; };
 B302 = {isa = PBXFileReference; lastKnownFileType = wrapper.framework; name = AuthenticationServices.framework; path = System/Library/Frameworks/AuthenticationServices.framework; sourceTree = SDKROOT; };
 B303 = {isa = PBXFileReference; lastKnownFileType = wrapper.framework; name = Security.framework; path = System/Library/Frameworks/Security.framework; sourceTree = SDKROOT; };
 B304 = {isa = PBXFileReference; lastKnownFileType = wrapper.framework; name = UIKit.framework; path = System/Library/Frameworks/UIKit.framework; sourceTree = SDKROOT; };
/* End PBXFrameworksBuildPhase section */

/* PBXGroup section */
 C101 = {isa = PBXGroup; children = (C201,C202,C203,C204); sourceTree = "<group>"; };
 C201 = {isa = PBXGroup; children = (A101,A102,A103); path = LumaForge; sourceTree = "<group>"; };
 C202 = {isa = PBXGroup; children = (A105); path = LumaForgeTests; sourceTree = "<group>"; };
 C203 = {isa = PBXGroup; children = (); name = Products; sourceTree = "<group>"; };
 C204 = {isa = PBXGroup; children = (A107); name = Documentation; sourceTree = "<group>"; };
/* End PBXGroup section */

/* PBXNativeTarget section */
 D101 = {isa = PBXNativeTarget; buildConfigurationList = D201; buildPhases = (D301,D302,D303,D304); buildRules = (); dependencies = (); name = LumaForge; productName = LumaForge; productReference = A104; productType = "com.apple.product-type.application"; };
 D102 = {isa = PBXNativeTarget; buildConfigurationList = D202; buildPhases = (D305,D306,D307); buildRules = (); dependencies = (); name = LumaForgeTests; productName = LumaForgeTests; productReference = A106; productType = "com.apple.product-type.bundle.unit-test"; };
/* End PBXNativeTarget section */

/* PBXProject section */
 E101 = {isa = PBXProject; attributes = { LastUpgradeCheck = 2600; TargetAttributes = { D101 = { CreatedOnToolsVersion = 26.0; }; D102 = { CreatedOnToolsVersion = 26.0; TestTargetID = D101; }; }; }; buildConfigurationList = E201; compatibilityVersion = "Xcode 3.2"; developmentRegion = en; hasScannedForEncodings = 0; knownRegions = (en); mainGroup = C101; productRefGroup = C203; projectDirPath = ""; projectRoot = ""; targets = (D101,D102); };
/* End PBXProject section */

/* PBXResourcesBuildPhase section */
 F101 = {isa = PBXResourcesBuildPhase; buildActionMask = 2147483647; files = (F201,F202); runOnlyForDeploymentPostprocessing = 0; };
 F201 = {isa = PBXBuildFile; fileRef = A102; };
 F202 = {isa = PBXBuildFile; fileRef = A103; };
 F102 = {isa = PBXResourcesBuildPhase; buildActionMask = 2147483647; files = (); runOnlyForDeploymentPostprocessing = 0; };
/* End PBXResourcesBuildPhase section */

/* PBXRezBuildPhase section */
/* End PBXRezBuildPhase section */

/* PBXShellScriptBuildPhase section */
/* End PBXShellScriptBuildPhase section */

/* PBXSourcesBuildPhase section */
 G101 = {isa = PBXSourcesBuildPhase; buildActionMask = 2147483647; files = (G201); runOnlyForDeploymentPostprocessing = 0; };
 G102 = {isa = PBXSourcesBuildPhase; buildActionMask = 2147483647; files = (G202); runOnlyForDeploymentPostprocessing = 0; };
 G201 = {isa = PBXBuildFile; fileRef = A101; };
 G202 = {isa = PBXBuildFile; fileRef = A105; };
/* End PBXSourcesBuildPhase section */

/* PBXTargetDependency section */
/* End PBXTargetDependency section */

/* XCBuildConfiguration section */
 H101 = {isa = XCBuildConfiguration; buildSettings = {
 ASSETCATALOG_COMPILER_APPICON_NAME = AppIcon;
 CODE_SIGNING_ALLOWED = NO;
 CODE_SIGNING_REQUIRED = NO;
 CURRENT_PROJECT_VERSION = 1;
 GENERATE_INFOPLIST_FILE = NO;
 INFOPLIST_FILE = LumaForge/Info.plist;
 IPHONEOS_DEPLOYMENT_TARGET = 18.0;
 PRODUCT_BUNDLE_IDENTIFIER = com.itzprovenom.lumaforge;
 PRODUCT_NAME = LumaForge;
 SWIFT_VERSION = 6.0;
 TARGETED_DEVICE_FAMILY = "1,2";
 };
 name = Debug; };
 H102 = {isa = XCBuildConfiguration; buildSettings = {
 ASSETCATALOG_COMPILER_APPICON_NAME = AppIcon;
 CODE_SIGNING_ALLOWED = NO;
 CODE_SIGNING_REQUIRED = NO;
 CURRENT_PROJECT_VERSION = 1;
 GENERATE_INFOPLIST_FILE = NO;
 INFOPLIST_FILE = LumaForge/Info.plist;
 IPHONEOS_DEPLOYMENT_TARGET = 18.0;
 PRODUCT_BUNDLE_IDENTIFIER = com.itzprovenom.lumaforge;
 PRODUCT_NAME = LumaForge;
 SWIFT_OPTIMIZATION_LEVEL = "-O";
 SWIFT_VERSION = 6.0;
 TARGETED_DEVICE_FAMILY = "1,2";
 };
 name = Release; };
 H103 = {isa = XCBuildConfiguration; buildSettings = { BUNDLE_LOADER = "$(TEST_HOST)"; CODE_SIGNING_ALLOWED = NO; CODE_SIGNING_REQUIRED = NO; CURRENT_PROJECT_VERSION = 1; GENERATE_INFOPLIST_FILE = YES; IPHONEOS_DEPLOYMENT_TARGET = 18.0; PRODUCT_BUNDLE_IDENTIFIER = com.itzprovenom.lumaforge.tests; PRODUCT_NAME = "$(TARGET_NAME)"; SWIFT_VERSION = 6.0; TARGETED_DEVICE_FAMILY = "1,2"; TEST_HOST = "$(BUILT_PRODUCTS_DIR)/LumaForge.app/LumaForge"; }; name = Debug; };
 H104 = {isa = XCBuildConfiguration; buildSettings = { BUNDLE_LOADER = "$(TEST_HOST)"; CODE_SIGNING_ALLOWED = NO; CODE_SIGNING_REQUIRED = NO; CURRENT_PROJECT_VERSION = 1; GENERATE_INFOPLIST_FILE = YES; IPHONEOS_DEPLOYMENT_TARGET = 18.0; PRODUCT_BUNDLE_IDENTIFIER = com.itzprovenom.lumaforge.tests; PRODUCT_NAME = "$(TARGET_NAME)"; SWIFT_OPTIMIZATION_LEVEL = "-O"; SWIFT_VERSION = 6.0; TARGETED_DEVICE_FAMILY = "1,2"; TEST_HOST = "$(BUILT_PRODUCTS_DIR)/LumaForge.app/LumaForge"; }; name = Release; };
/* End XCBuildConfiguration section */

/* XCConfigurationList section */
 D201 = {isa = XCConfigurationList; buildConfigurations = (H101,H102); defaultConfigurationIsVisible = 0; defaultConfigurationName = Release; };
 D202 = {isa = XCConfigurationList; buildConfigurations = (H103,H104); defaultConfigurationIsVisible = 0; defaultConfigurationName = Release; };
 E201 = {isa = XCConfigurationList; buildConfigurations = (H101,H102); defaultConfigurationIsVisible = 0; defaultConfigurationName = Release; };
/* End XCConfigurationList section */

/* XCSwiftPackageProductDependency section */
/* End XCSwiftPackageProductDependency section */
 };
 rootObject = E101;
}
