// !$*UTF8*$!
{ archiveVersion = 1; objectVersion = 77; objects = {
1 = {isa = PBXProject; attributes = {LastUpgradeCheck = 2700;}; buildConfigurationList = 3; compatibilityVersion = "Xcode 3.2"; developmentRegion = en; knownRegions = (en, Base); mainGroup = 4; productRefGroup = 5; targets = (2);};
2 = {isa = PBXNativeTarget; buildConfigurationList = 6; buildPhases = (7,8,9); name = LumaDeck; productName = LumaDeck; productReference = 10; productType = "com.apple.product-type.application";};
3 = {isa = XCConfigurationList; buildConfigurations = (11,12); defaultConfigurationName = Release;};
4 = {isa = PBXGroup; children = (13,14,5); sourceTree = "<group>";};
5 = {isa = PBXGroup; children = (10); name = Products; sourceTree = "<group>";};
6 = {isa = XCConfigurationList; buildConfigurations = (15,16); defaultConfigurationName = Release;};
7 = {isa = PBXSourcesBuildPhase; buildActionMask = 2147483647; files = (21); runOnlyForDeploymentPostprocessing = 0;};
8 = {isa = PBXResourcesBuildPhase; buildActionMask = 2147483647; files = (30); runOnlyForDeploymentPostprocessing = 0;};
9 = {isa = PBXFrameworksBuildPhase; buildActionMask = 2147483647; files = (); runOnlyForDeploymentPostprocessing = 0;};
10 = {isa = PBXFileReference; explicitFileType = wrapper.application; includeInIndex = 0; path = LumaDeck.app; sourceTree = BUILT_PRODUCTS_DIR;};
11 = {isa = XCBuildConfiguration; buildSettings = {ALWAYS_SEARCH_USER_PATHS = NO; SWIFT_VERSION = 6.0;}; name = Debug;};
12 = {isa = XCBuildConfiguration; buildSettings = {ALWAYS_SEARCH_USER_PATHS = NO; SWIFT_VERSION = 6.0;}; name = Release;};
15 = {isa = XCBuildConfiguration; buildSettings = {ASSETCATALOG_COMPILER_APPICON_NAME = AppIcon; CODE_SIGNING_ALLOWED = NO; CODE_SIGNING_REQUIRED = NO; CURRENT_PROJECT_VERSION = 1; GENERATE_INFOPLIST_FILE = NO; INFOPLIST_FILE = LumaDeck/Info.plist; IPHONEOS_DEPLOYMENT_TARGET = 18.0; PRODUCT_BUNDLE_IDENTIFIER = com.itzprovenom.lumadeck; PRODUCT_NAME = LumaDeck; SDKROOT = iphoneos; SWIFT_VERSION = 6.0; TARGETED_DEVICE_FAMILY = "1,2";}; name = Debug;};
16 = {isa = XCBuildConfiguration; buildSettings = {ASSETCATALOG_COMPILER_APPICON_NAME = AppIcon; CODE_SIGNING_ALLOWED = NO; CODE_SIGNING_REQUIRED = NO; CURRENT_PROJECT_VERSION = 1; GENERATE_INFOPLIST_FILE = NO; INFOPLIST_FILE = LumaDeck/Info.plist; IPHONEOS_DEPLOYMENT_TARGET = 18.0; PRODUCT_BUNDLE_IDENTIFIER = com.itzprovenom.lumadeck; PRODUCT_NAME = LumaDeck; SDKROOT = iphoneos; SWIFT_VERSION = 6.0; TARGETED_DEVICE_FAMILY = "1,2";}; name = Release;};
13 = {isa = PBXGroup; children = (32); path = LumaDeck; sourceTree = "<group>";};
14 = {isa = PBXFileReference; lastKnownFileType = folder.assetcatalog; path = LumaDeck/Assets.xcassets; sourceTree = "<group>";};
21 = {isa = PBXBuildFile; fileRef = 32;};
30 = {isa = PBXBuildFile; fileRef = 14;};
32 = {isa = PBXFileReference; lastKnownFileType = sourcecode.swift; path = LumaDeck.swift; sourceTree = "<group>";};
}; rootObject = 1; }