// !$*UTF8*$
{
	archiveVersion = 1;
	classes = {
	};
	objectVersion = 56;
	objects = {

/* Begin PBXBuildFile section */
		A10000000000000000000001 /* WallpaperEngineExporterApp.swift in Sources */ = {isa = PBXBuildFile; fileRef = A20000000000000000000001 /* WallpaperEngineExporterApp.swift */; };
		A10000000000000000000002 /* RootView.swift in Sources */ = {isa = PBXBuildFile; fileRef = A20000000000000000000002 /* RootView.swift */; };
		A10000000000000000000003 /* SteamUser.swift in Sources */ = {isa = PBXBuildFile; fileRef = A20000000000000000000003 /* SteamUser.swift */; };
		A10000000000000000000004 /* WorkshopItem.swift in Sources */ = {isa = PBXBuildFile; fileRef = A20000000000000000000004 /* WorkshopItem.swift */; };
		A10000000000000000000005 /* ExportConfiguration.swift in Sources */ = {isa = PBXBuildFile; fileRef = A20000000000000000000005 /* ExportConfiguration.swift */; };
		A10000000000000000000006 /* SteamAuthenticationService.swift in Sources */ = {isa = PBXBuildFile; fileRef = A20000000000000000000006 /* SteamAuthenticationService.swift */; };
		A10000000000000000000007 /* KeychainHelper.swift in Sources */ = {isa = PBXBuildFile; fileRef = A20000000000000000000007 /* KeychainHelper.swift */; };
		A10000000000000000000008 /* SteamWorkshopService.swift in Sources */ = {isa = PBXBuildFile; fileRef = A20000000000000000000008 /* SteamWorkshopService.swift */; };
		A10000000000000000000009 /* WorkshopURLParser.swift in Sources */ = {isa = PBXBuildFile; fileRef = A20000000000000000000009 /* WorkshopURLParser.swift */; };
		A1000000000000000000000A /* LoginView.swift in Sources */ = {isa = PBXBuildFile; fileRef = A2000000000000000000000A /* LoginView.swift */; };
		A1000000000000000000000B /* MainTabView.swift in Sources */ = {isa = PBXBuildFile; fileRef = A2000000000000000000000B /* MainTabView.swift */; };
		A1000000000000000000000C /* MyWallpapersView.swift in Sources */ = {isa = PBXBuildFile; fileRef = A2000000000000000000000C /* MyWallpapersView.swift */; };
		A1000000000000000000000D /* SearchView.swift in Sources */ = {isa = PBXBuildFile; fileRef = A2000000000000000000000D /* SearchView.swift */; };
		A1000000000000000000000E /* ImportView.swift in Sources */ = {isa = PBXBuildFile; fileRef = A2000000000000000000000E /* ImportView.swift */; };
		A1000000000000000000000F /* WallpaperDetailView.swift in Sources */ = {isa = PBXBuildFile; fileRef = A2000000000000000000000F /* WallpaperDetailView.swift */; };
		A10000000000000000000010 /* ExportSettingsView.swift in Sources */ = {isa = PBXBuildFile; fileRef = A20000000000000000000010 /* ExportSettingsView.swift */; };
		A10000000000000000000011 /* ExportProgressView.swift in Sources */ = {isa = PBXBuildFile; fileRef = A20000000000000000000011 /* ExportProgressView.swift */; };
		A10000000000000000000012 /* ExportCompleteView.swift in Sources */ = {isa = PBXBuildFile; fileRef = A20000000000000000000012 /* ExportCompleteView.swift */; };
		A10000000000000000000013 /* ExportsView.swift in Sources */ = {isa = PBXBuildFile; fileRef = A20000000000000000000013 /* ExportsView.swift */; };
		A10000000000000000000014 /* SettingsView.swift in Sources */ = {isa = PBXBuildFile; fileRef = A20000000000000000000014 /* SettingsView.swift */; };
		A10000000000000000000015 /* WallpaperImporter.swift in Sources */ = {isa = PBXBuildFile; fileRef = A20000000000000000000015 /* WallpaperImporter.swift */; };
		A10000000000000000000016 /* VideoExporter.swift in Sources */ = {isa = PBXBuildFile; fileRef = A20000000000000000000016 /* VideoExporter.swift */; };
		A10000000000000000000017 /* Assets.xcassets in Resources */ = {isa = PBXBuildFile; fileRef = A20000000000000000000017 /* Assets.xcassets */; };
		A10000000000000000000018 /* WorkshopURLParserTests.swift in Sources */ = {isa = PBXBuildFile; fileRef = A20000000000000000000018 /* WorkshopURLParserTests.swift */; };
		A10000000000000000000019 /* ExportConfigurationTests.swift in Sources */ = {isa = PBXBuildFile; fileRef = A20000000000000000000019 /* ExportConfigurationTests.swift */; };
		A1000000000000000000001A /* WallpaperTypeTests.swift in Sources */ = {isa = PBXBuildFile; fileRef = A2000000000000000000001A /* WallpaperTypeTests.swift */; };
		A1000000000000000000001B /* VideoPreviewView.swift in Sources */ = {isa = PBXBuildFile; fileRef = A2000000000000000000001B /* VideoPreviewView.swift */; };
		A1000000000000000000001C /* WebWallpaperPreviewView.swift in Sources */ = {isa = PBXBuildFile; fileRef = A2000000000000000000001C /* WebWallpaperPreviewView.swift */; };
		A1000000000000000000001D /* SteamAuthCallbackTests.swift in Sources */ = {isa = PBXBuildFile; fileRef = A2000000000000000000001D /* SteamAuthCallbackTests.swift */; };
		A1000000000000000000001E /* SteamLoginWebView.swift in Sources */ = {isa = PBXBuildFile; fileRef = A2000000000000000000001E /* SteamLoginWebView.swift */; };
/* End PBXBuildFile section */
